{
    "name": "recruitin-mcp-servers",
    "version": "1.0.0",
    "lockfileVersion": 3,
    "requires": true,
    "packages": {
          "": {
                  "name": "recruitin-mcp-servers",
                  "version": "1.0.0",
                  "dependencies": {
                            "axios": "^1.6.0",
                            "@notionhq/client": "^2.2.15"
                  }
          },
          "node_modules/axios": {
                  "version": "1.6.2",
                  "resolved": "https://registry.npmjs.org/axios/-/axios-1.6.2.tgz",
                  "integrity": "sha512-7i24Ri4pmDRSHZLrNfteSZ9Suy+OU8xnr3QAVYnCjS3c4GrDjAyqsPzF6Q6DEB7Z4NTIscXNInFb1nnVwl1N7w==",
                  "engines": {
                            "node": ">= 0.4.0"
                  }
          },
          "node_modules/@notionhq/client": {
                  "version": "2.2.15",
                  "resolved": "https://registry.npmjs.org/@notionhq/client/-/client-2.2.15.tgz",
                  "integrity": "sha512-NV1bKJNZ4z5Aee0TvKZVWbhKb6H3CjZLh5XQpqN0rKJHmBGfEjVzKTv3ry5wV6h+c+VVhBHEyMgIqPhNvhBcg==",
                  "engines": {
                            "node": ">= 14"
                  }
          }
    }
}
